// !$*UTF8*$!
{
	archiveVersion = 1;
	classes = {
	};
	objectVersion = 56;
	objects = {

/* Begin PBXBuildFile section */
		224C501C889FB7CD7AC081D6 /* Pods_ZikrTask.framework in Frameworks */ = {isa = PBXBuildFile; fileRef = 5B342DE2D552499878BB535A /* Pods_ZikrTask.framework */; };
		CC0B98042C7F39FB002D1C80 /* SegmentCollectionViewCell.swift in Sources */ = {isa = PBXBuildFile; fileRef = CC0B98032C7F39FB002D1C80 /* SegmentCollectionViewCell.swift */; };
		CC13512F2C492F3200649A78 /* CreateGroupViewModel.swift in Sources */ = {isa = PBXBuildFile; fileRef = CC13512E2C492F3200649A78 /* CreateGroupViewModel.swift */; };
		CC16DD9F2CBBEDA20029AF4E /* MenuViewController.swift in Sources */ = {isa = PBXBuildFile; fileRef = CC16DD9E2CBBEDA20029AF4E /* MenuViewController.swift */; };
		CC1D25A52CBD5B010062400F /* GetZikrModel.swift in Sources */ = {isa = PBXBuildFile; fileRef = CC1D25A42CBD5AFC0062400F /* GetZikrModel.swift */; };
		CC1FEFEC2CEF8B4D008CD1DC /* SendNotificationModel.swift in Sources */ = {isa = PBXBuildFile; fileRef = CC1FEFEB2CEF8B3F008CD1DC /* SendNotificationModel.swift */; };
		CC2C2A222C79E2B20014F37D /* ApiManager.swift in Sources */ = {isa = PBXBuildFile; fileRef = CC2C2A212C79E2B20014F37D /* ApiManager.swift */; };
		CC3966192BFCD56200C861C9 /* AppDelegate.swift in Sources */ = {isa = PBXBuildFile; fileRef = CC3966182BFCD56200C861C9 /* AppDelegate.swift */; };
		CC39661B2BFCD56200C861C9 /* SceneDelegate.swift in Sources */ = {isa = PBXBuildFile; fileRef = CC39661A2BFCD56200C861C9 /* SceneDelegate.swift */; };
		CC39661D2BFCD56200C861C9 /* LogInViewController.swift in Sources */ = {isa = PBXBuildFile; fileRef = CC39661C2BFCD56200C861C9 /* LogInViewController.swift */; };
		CC3966232BFCD56200C861C9 /* ZikrTask.xcdatamodeld in Sources */ = {isa = PBXBuildFile; fileRef = CC3966212BFCD56200C861C9 /* ZikrTask.xcdatamodeld */; };
		CC3966252BFCD56300C861C9 /* Assets.xcassets in Resources */ = {isa = PBXBuildFile; fileRef = CC3966242BFCD56300C861C9 /* Assets.xcassets */; };
		CC3966282BFCD56300C861C9 /* Base in Resources */ = {isa = PBXBuildFile; fileRef = CC3966272BFCD56300C861C9 /* Base */; };
		CC42BE4F2CBADA4100014D06 /* CreateZikrModel.swift in Sources */ = {isa = PBXBuildFile; fileRef = CC42BE4E2CBADA3900014D06 /* CreateZikrModel.swift */; };
		CC50C6672C2830EC00180E42 /* pianoSound.mp3 in Resources */ = {isa = PBXBuildFile; fileRef = CC50C6662C2830EC00180E42 /* pianoSound.mp3 */; };
		CC5342062C3BF0EC00112114 /* UserRegistrationViewController.swift in Sources */ = {isa = PBXBuildFile; fileRef = CC5342052C3BF0EC00112114 /* UserRegistrationViewController.swift */; };
		CC5342082C3C459B00112114 /* UserModel.swift in Sources */ = {isa = PBXBuildFile; fileRef = CC5342072C3C459B00112114 /* UserModel.swift */; };
		CC53420A2C3C460300112114 /* UserRegistrationViewModel.swift in Sources */ = {isa = PBXBuildFile; fileRef = CC5342092C3C460300112114 /* UserRegistrationViewModel.swift */; };
		CC614F3A2BFF919E0078FC43 /* PersonalCollectionViewCell.swift in Sources */ = {isa = PBXBuildFile; fileRef = CC614F392BFF919E0078FC43 /* PersonalCollectionViewCell.swift */; };
		CC614F3C2BFFAA010078FC43 /* GroupZikrCountViewController.swift in Sources */ = {isa = PBXBuildFile; fileRef = CC614F3B2BFFAA010078FC43 /* GroupZikrCountViewController.swift */; };
		CC7AD81B2CF0B28B00617DB3 /* NotificationViewModel.swift in Sources */ = {isa = PBXBuildFile; fileRef = CC7AD81A2CF0B28200617DB3 /* NotificationViewModel.swift */; };
		CC7AD81D2CF0B4C200617DB3 /* NotificationsViewController.swift in Sources */ = {isa = PBXBuildFile; fileRef = CC7AD81C2CF0B4B400617DB3 /* NotificationsViewController.swift */; };
		CC7AD81F2CF0B86E00617DB3 /* NotificationTableViewCell.swift in Sources */ = {isa = PBXBuildFile; fileRef = CC7AD81E2CF0B86400617DB3 /* NotificationTableViewCell.swift */; };
		CC898DDB2CEF9D80005CB7A5 /* GetNotificationModel.swift in Sources */ = {isa = PBXBuildFile; fileRef = CC898DDA2CEF9D76005CB7A5 /* GetNotificationModel.swift */; };
		CC9B2B7F2C889A4C00192DCD /* GetGroupModel.swift in Sources */ = {isa = PBXBuildFile; fileRef = CC9B2B7E2C889A4C00192DCD /* GetGroupModel.swift */; };
		CC9B2B812C889DCA00192DCD /* URL.swift in Sources */ = {isa = PBXBuildFile; fileRef = CC9B2B802C889DCA00192DCD /* URL.swift */; };
		CC9B2B832C889FC500192DCD /* GetGroupViewModel.swift in Sources */ = {isa = PBXBuildFile; fileRef = CC9B2B822C889FC500192DCD /* GetGroupViewModel.swift */; };
		CC9C5A9F2C624D1600D869C2 /* PersonalZikrViewController.swift in Sources */ = {isa = PBXBuildFile; fileRef = CC9C5A9E2C624D1600D869C2 /* PersonalZikrViewController.swift */; };
		CC9F76112C3D5C8D009323C3 /* MembersListViewController.swift in Sources */ = {isa = PBXBuildFile; fileRef = CC9F76102C3D5C8D009323C3 /* MembersListViewController.swift */; };
		CC9F76132C3D62CC009323C3 /* MembersListTableViewCell.swift in Sources */ = {isa = PBXBuildFile; fileRef = CC9F76122C3D62CC009323C3 /* MembersListTableViewCell.swift */; };
		CC9F76172C3D6988009323C3 /* CreateGroupModel.swift in Sources */ = {isa = PBXBuildFile; fileRef = CC9F76162C3D6988009323C3 /* CreateGroupModel.swift */; };
		CCA034D32BFE77C500FCFC2C /* AddGroupViewController.swift in Sources */ = {isa = PBXBuildFile; fileRef = CCA034D22BFE77C500FCFC2C /* AddGroupViewController.swift */; };
		CCA046152CC8CD710018B82E /* ZikrCountsModel.swift in Sources */ = {isa = PBXBuildFile; fileRef = CCA046142CC8CD6C0018B82E /* ZikrCountsModel.swift */; };
		CCA046172CC8D4680018B82E /* ZikrCountViewModel.swift in Sources */ = {isa = PBXBuildFile; fileRef = CCA046162CC8D4600018B82E /* ZikrCountViewModel.swift */; };
		CCB245E72C32BE7E00D85ED6 /* AddUserViewController.swift in Sources */ = {isa = PBXBuildFile; fileRef = CCB245E62C32BE7E00D85ED6 /* AddUserViewController.swift */; };
		CCB4CF992CE68E1800ADE32B /* AddUserModel.swift in Sources */ = {isa = PBXBuildFile; fileRef = CCB4CF982CE68E0100ADE32B /* AddUserModel.swift */; };
		CCB4CF9B2CE7954700ADE32B /* AddUserViewModel.swift in Sources */ = {isa = PBXBuildFile; fileRef = CCB4CF9A2CE7953D00ADE32B /* AddUserViewModel.swift */; };
		CCB4CF9D2CE7996E00ADE32B /* AddUserCollectioViewCell.swift in Sources */ = {isa = PBXBuildFile; fileRef = CCB4CF9C2CE7995D00ADE32B /* AddUserCollectioViewCell.swift */; };
		CCB90A552C0CA9B7002C2A37 /* InfoViewController.swift in Sources */ = {isa = PBXBuildFile; fileRef = CCB90A542C0CA9B7002C2A37 /* InfoViewController.swift */; };
		CCE70CC82C88E2FE00977248 /* UserLogin.swift in Sources */ = {isa = PBXBuildFile; fileRef = CCE70CC72C88E2FE00977248 /* UserLogin.swift */; };
		CCE70CCA2C88E34900977248 /* UserLoginViewModel.swift in Sources */ = {isa = PBXBuildFile; fileRef = CCE70CC92C88E34900977248 /* UserLoginViewModel.swift */; };
		CCF6A5CA2BFD01CC00921654 /* UIColor.swift in Sources */ = {isa = PBXBuildFile; fileRef = CCF6A5C52BFD01CC00921654 /* UIColor.swift */; };
		CCF6A5CB2BFD01CC00921654 /* UILabel.swift in Sources */ = {isa = PBXBuildFile; fileRef = CCF6A5C72BFD01CC00921654 /* UILabel.swift */; };
		CCF6A5CC2BFD01CC00921654 /* UITextField.swift in Sources */ = {isa = PBXBuildFile; fileRef = CCF6A5C82BFD01CC00921654 /* UITextField.swift */; };
		CCF6A5CE2BFD053C00921654 /* Shadows.swift in Sources */ = {isa = PBXBuildFile; fileRef = CCF6A5CD2BFD053C00921654 /* Shadows.swift */; };
		CCF6A5F32BFD395200921654 /* MainViewController.swift in Sources */ = {isa = PBXBuildFile; fileRef = CCF6A5F22BFD395200921654 /* MainViewController.swift */; };
		CCF6A5F62BFD446800921654 /* GroupCollectionViewCell.swift in Sources */ = {isa = PBXBuildFile; fileRef = CCF6A5F52BFD446800921654 /* GroupCollectionViewCell.swift */; };
		CCF933922D1AFAEE004ADE02 /* HatmPersonalInfoHeaderView.swift in Sources */ = {isa = PBXBuildFile; fileRef = CCF933782D1AFAEE004ADE02 /* HatmPersonalInfoHeaderView.swift */; };
		CCF933932D1AFAEE004ADE02 /* PatchBookedPora.swift in Sources */ = {isa = PBXBuildFile; fileRef = CCF933652D1AFAEE004ADE02 /* PatchBookedPora.swift */; };
		CCF933942D1AFAEE004ADE02 /* HatimGroupModel.swift in Sources */ = {isa = PBXBuildFile; fileRef = CCF933612D1AFAEE004ADE02 /* HatimGroupModel.swift */; };
		CCF933952D1AFAEE004ADE02 /* HatmGroupProfile.swift in Sources */ = {isa = PBXBuildFile; fileRef = CCF933632D1AFAEE004ADE02 /* HatmGroupProfile.swift */; };
		CCF933962D1AFAEE004ADE02 /* HatmPersonalInfoCollectionViewCell.swift in Sources */ = {isa = PBXBuildFile; fileRef = CCF933772D1AFAEE004ADE02 /* HatmPersonalInfoCollectionViewCell.swift */; };
		CCF933972D1AFAEE004ADE02 /* MenuCollectionViewCell.swift in Sources */ = {isa = PBXBuildFile; fileRef = CCF9337E2D1AFAEE004ADE02 /* MenuCollectionViewCell.swift */; };
		CCF933982D1AFAEE004ADE02 /* BookedPoraRequest.swift in Sources */ = {isa = PBXBuildFile; fileRef = CCF933592D1AFAEE004ADE02 /* BookedPoraRequest.swift */; };
		CCF933992D1AFAEE004ADE02 /* GetBookedPoraViewModel.swift in Sources */ = {isa = PBXBuildFile; fileRef = CCF933862D1AFAEE004ADE02 /* GetBookedPoraViewModel.swift */; };
		CCF9339A2D1AFAEE004ADE02 /* FinishedPoraResponse.swift in Sources */ = {isa = PBXBuildFile; fileRef = CCF9335D2D1AFAEE004ADE02 /* FinishedPoraResponse.swift */; };
		CCF9339B2D1AFAEE004ADE02 /* PatchBookedPoralarViewModel.swift in Sources */ = {isa = PBXBuildFile; fileRef = CCF9338C2D1AFAEE004ADE02 /* PatchBookedPoralarViewModel.swift */; };
		CCF9339C2D1AFAEE004ADE02 /* GetUserDetailFromID.swift in Sources */ = {isa = PBXBuildFile; fileRef = CCF933882D1AFAEE004ADE02 /* GetUserDetailFromID.swift */; };
		CCF9339D2D1AFAEE004ADE02 /* BookPoraViewModel.swift in Sources */ = {isa = PBXBuildFile; fileRef = CCF933812D1AFAEE004ADE02 /* BookPoraViewModel.swift */; };
		CCF9339E2D1AFAEE004ADE02 /* UserProfileViewModel.swift in Sources */ = {isa = PBXBuildFile; fileRef = CCF9338F2D1AFAEE004ADE02 /* UserProfileViewModel.swift */; };
		CCF9339F2D1AFAEE004ADE02 /* GetBookedPoraModel.swift in Sources */ = {isa = PBXBuildFile; fileRef = CCF9335E2D1AFAEE004ADE02 /* GetBookedPoraModel.swift */; };
		CCF933A02D1AFAEE004ADE02 /* GroupHatimInfoViewController.swift in Sources */ = {isa = PBXBuildFile; fileRef = CCF9336B2D1AFAEE004ADE02 /* GroupHatimInfoViewController.swift */; };
		CCF933A12D1AFAEE004ADE02 /* AddPersonalHatmViewController.swift in Sources */ = {isa = PBXBuildFile; fileRef = CCF9336F2D1AFAEE004ADE02 /* AddPersonalHatmViewController.swift */; };
		CCF933A22D1AFAEE004ADE02 /* DeleteHatmGroupViewModel.swift in Sources */ = {isa = PBXBuildFile; fileRef = CCF933832D1AFAEE004ADE02 /* DeleteHatmGroupViewModel.swift */; };
		CCF933A32D1AFAEE004ADE02 /* HatimGroupInfoCollectionViewCell.swift in Sources */ = {isa = PBXBuildFile; fileRef = CCF933742D1AFAEE004ADE02 /* HatimGroupInfoCollectionViewCell.swift */; };
		CCF933A42D1AFAEE004ADE02 /* HatimMainViewController.swift in Sources */ = {isa = PBXBuildFile; fileRef = CCF933682D1AFAEE004ADE02 /* HatimMainViewController.swift */; };
		CCF933A52D1AFAEE004ADE02 /* PoralarViewModel.swift in Sources */ = {isa = PBXBuildFile; fileRef = CCF9338E2D1AFAEE004ADE02 /* PoralarViewModel.swift */; };
		CCF933A62D1AFAEE004ADE02 /* HatmGroupUserModel.swift in Sources */ = {isa = PBXBuildFile; fileRef = CCF933642D1AFAEE004ADE02 /* HatmGroupUserModel.swift */; };
		CCF933A72D1AFAEE004ADE02 /* GetHatimGroupData.swift in Sources */ = {isa = PBXBuildFile; fileRef = CCF9335F2D1AFAEE004ADE02 /* GetHatimGroupData.swift */; };
		CCF933A82D1AFAEE004ADE02 /* FinishedPoraRequest.swift in Sources */ = {isa = PBXBuildFile; fileRef = CCF9335C2D1AFAEE004ADE02 /* FinishedPoraRequest.swift */; };
		CCF933A92D1AFAEE004ADE02 /* FinishedPoraPatchRequest.swift in Sources */ = {isa = PBXBuildFile; fileRef = CCF9335B2D1AFAEE004ADE02 /* FinishedPoraPatchRequest.swift */; };
		CCF933AA2D1AFAEE004ADE02 /* GetUserDetailViewModel.swift in Sources */ = {isa = PBXBuildFile; fileRef = CCF933892D1AFAEE004ADE02 /* GetUserDetailViewModel.swift */; };
		CCF933AB2D1AFAEE004ADE02 /* HatimGroupMembersListViewController.swift in Sources */ = {isa = PBXBuildFile; fileRef = CCF9336C2D1AFAEE004ADE02 /* HatimGroupMembersListViewController.swift */; };
		CCF933AC2D1AFAEE004ADE02 /* PatchBookedPoraViewModel.swift in Sources */ = {isa = PBXBuildFile; fileRef = CCF9338D2D1AFAEE004ADE02 /* PatchBookedPoraViewModel.swift */; };
		CCF933AD2D1AFAEE004ADE02 /* GetFinishedPoraViewModel.swift in Sources */ = {isa = PBXBuildFile; fileRef = CCF933872D1AFAEE004ADE02 /* GetFinishedPoraViewModel.swift */; };
		CCF933AE2D1AFAEE004ADE02 /* FinishedPoraViewModel.swift in Sources */ = {isa = PBXBuildFile; fileRef = CCF933852D1AFAEE004ADE02 /* FinishedPoraViewModel.swift */; };
		CCF933AF2D1AFAEE004ADE02 /* HatimInfoHeaderView.swift in Sources */ = {isa = PBXBuildFile; fileRef = CCF933752D1AFAEE004ADE02 /* HatimInfoHeaderView.swift */; };
		CCF933B02D1AFAEE004ADE02 /* CreateHatimGroupViewModel.swift in Sources */ = {isa = PBXBuildFile; fileRef = CCF933822D1AFAEE004ADE02 /* CreateHatimGroupViewModel.swift */; };
		CCF933B12D1AFAEE004ADE02 /* EditHatmGroupViewController.swift in Sources */ = {isa = PBXBuildFile; fileRef = CCF933702D1AFAEE004ADE02 /* EditHatmGroupViewController.swift */; };
		CCF933B22D1AFAEE004ADE02 /* EditHatmGroup.swift in Sources */ = {isa = PBXBuildFile; fileRef = CCF9335A2D1AFAEE004ADE02 /* EditHatmGroup.swift */; };
		CCF933B32D1AFAEE004ADE02 /* EditHatmGroupViewModel.swift in Sources */ = {isa = PBXBuildFile; fileRef = CCF933842D1AFAEE004ADE02 /* EditHatmGroupViewModel.swift */; };
		CCF933B42D1AFAEE004ADE02 /* HatmGroupJuzCountDetail.swift in Sources */ = {isa = PBXBuildFile; fileRef = CCF933622D1AFAEE004ADE02 /* HatmGroupJuzCountDetail.swift */; };
		CCF933B52D1AFAEE004ADE02 /* HatmGroupDetailsViewModel.swift in Sources */ = {isa = PBXBuildFile; fileRef = CCF9338B2D1AFAEE004ADE02 /* HatmGroupDetailsViewModel.swift */; };
		CCF933B62D1AFAEE004ADE02 /* PoralarModel.swift in Sources */ = {isa = PBXBuildFile; fileRef = CCF933662D1AFAEE004ADE02 /* PoralarModel.swift */; };
		CCF933B72D1AFAEE004ADE02 /* HatimGetGroupViewModel.swift in Sources */ = {isa = PBXBuildFile; fileRef = CCF9338A2D1AFAEE004ADE02 /* HatimGetGroupViewModel.swift */; };
		CCF933B82D1AFAEE004ADE02 /* PersonalHatmInfoViewController.swift in Sources */ = {isa = PBXBuildFile; fileRef = CCF933692D1AFAEE004ADE02 /* PersonalHatmInfoViewController.swift */; };
		CCF933B92D1AFAEE004ADE02 /* PersonalHatimCollectionViewCell.swift in Sources */ = {isa = PBXBuildFile; fileRef = CCF9337C2D1AFAEE004ADE02 /* PersonalHatimCollectionViewCell.swift */; };
		CCF933BA2D1AFAEE004ADE02 /* GroupHatimCollectionViewCell.swift in Sources */ = {isa = PBXBuildFile; fileRef = CCF9337B2D1AFAEE004ADE02 /* GroupHatimCollectionViewCell.swift */; };
		CCF933BB2D1AFAEE004ADE02 /* HatmGroupMemberListCollectionViewCell.swift in Sources */ = {isa = PBXBuildFile; fileRef = CCF933722D1AFAEE004ADE02 /* HatmGroupMemberListCollectionViewCell.swift */; };
		CCF933BC2D1AFAEE004ADE02 /* AddHatimGroupViewController.swift in Sources */ = {isa = PBXBuildFile; fileRef = CCF9336E2D1AFAEE004ADE02 /* AddHatimGroupViewController.swift */; };
		CCF933BD2D1AFAEE004ADE02 /* GetUserProfileFromID.swift in Sources */ = {isa = PBXBuildFile; fileRef = CCF933602D1AFAEE004ADE02 /* GetUserProfileFromID.swift */; };
		CCFED39E2C934BF000AE5A96 /* ProfileViewController.swift in Sources */ = {isa = PBXBuildFile; fileRef = CCFED39D2C934BF000AE5A96 /* ProfileViewController.swift */; };
		CCFED3A02C9359FC00AE5A96 /* ProfileTableViewCell.swift in Sources */ = {isa = PBXBuildFile; fileRef = CCFED39F2C9359FC00AE5A96 /* ProfileTableViewCell.swift */; };
		CCFED3A22C9363DA00AE5A96 /* ProfileHeaderView.swift in Sources */ = {isa = PBXBuildFile; fileRef = CCFED3A12C9363DA00AE5A96 /* ProfileHeaderView.swift */; };
		CCFED3A42C937AC000AE5A96 /* ProfileViewModel.swift in Sources */ = {isa = PBXBuildFile; fileRef = CCFED3A32C937AC000AE5A96 /* ProfileViewModel.swift */; };
/* End PBXBuildFile section */

/* Begin PBXFileReference section */
		5B342DE2D552499878BB535A /* Pods_ZikrTask.framework */ = {isa = PBXFileReference; explicitFileType = wrapper.framework; includeInIndex = 0; path = Pods_ZikrTask.framework; sourceTree = BUILT_PRODUCTS_DIR; };
		C626B4167D8F69A3B6B6BCD2 /* Pods-ZikrTask.release.xcconfig */ = {isa = PBXFileReference; includeInIndex = 1; lastKnownFileType = text.xcconfig; name = "Pods-ZikrTask.release.xcconfig"; path = "Target Support Files/Pods-ZikrTask/Pods-ZikrTask.release.xcconfig"; sourceTree = "<group>"; };
		CC0B98032C7F39FB002D1C80 /* SegmentCollectionViewCell.swift */ = {isa = PBXFileReference; lastKnownFileType = sourcecode.swift; path = SegmentCollectionViewCell.swift; sourceTree = "<group>"; };
		CC13512E2C492F3200649A78 /* CreateGroupViewModel.swift */ = {isa = PBXFileReference; lastKnownFileType = sourcecode.swift; path = CreateGroupViewModel.swift; sourceTree = "<group>"; };
		CC16DD9E2CBBEDA20029AF4E /* MenuViewController.swift */ = {isa = PBXFileReference; lastKnownFileType = sourcecode.swift; path = MenuViewController.swift; sourceTree = "<group>"; };
		CC1D25A42CBD5AFC0062400F /* GetZikrModel.swift */ = {isa = PBXFileReference; lastKnownFileType = sourcecode.swift; path = GetZikrModel.swift; sourceTree = "<group>"; };
		CC1FEFEB2CEF8B3F008CD1DC /* SendNotificationModel.swift */ = {isa = PBXFileReference; lastKnownFileType = sourcecode.swift; path = SendNotificationModel.swift; sourceTree = "<group>"; };
		CC2C2A212C79E2B20014F37D /* ApiManager.swift */ = {isa = PBXFileReference; lastKnownFileType = sourcecode.swift; path = ApiManager.swift; sourceTree = "<group>"; };
		CC3966152BFCD56200C861C9 /* ZikrTask.app */ = {isa = PBXFileReference; explicitFileType = wrapper.application; includeInIndex = 0; path = ZikrTask.app; sourceTree = BUILT_PRODUCTS_DIR; };
		CC3966182BFCD56200C861C9 /* AppDelegate.swift */ = {isa = PBXFileReference; lastKnownFileType = sourcecode.swift; path = AppDelegate.swift; sourceTree = "<group>"; };
		CC39661A2BFCD56200C861C9 /* SceneDelegate.swift */ = {isa = PBXFileReference; lastKnownFileType = sourcecode.swift; path = SceneDelegate.swift; sourceTree = "<group>"; };
		CC39661C2BFCD56200C861C9 /* LogInViewController.swift */ = {isa = PBXFileReference; lastKnownFileType = sourcecode.swift; path = LogInViewController.swift; sourceTree = "<group>"; };
		CC3966222BFCD56200C861C9 /* ZikrTask.xcdatamodel */ = {isa = PBXFileReference; lastKnownFileType = wrapper.xcdatamodel; path = ZikrTask.xcdatamodel; sourceTree = "<group>"; };
		CC3966242BFCD56300C861C9 /* Assets.xcassets */ = {isa = PBXFileReference; lastKnownFileType = folder.assetcatalog; path = Assets.xcassets; sourceTree = "<group>"; };
		CC3966272BFCD56300C861C9 /* Base */ = {isa = PBXFileReference; lastKnownFileType = file.storyboard; name = Base; path = Base.lproj/LaunchScreen.storyboard; sourceTree = "<group>"; };
		CC3966292BFCD56300C861C9 /* Info.plist */ = {isa = PBXFileReference; lastKnownFileType = text.plist.xml; path = Info.plist; sourceTree = "<group>"; };
		CC42BE4E2CBADA3900014D06 /* CreateZikrModel.swift */ = {isa = PBXFileReference; lastKnownFileType = sourcecode.swift; path = CreateZikrModel.swift; sourceTree = "<group>"; };
		CC50C6662C2830EC00180E42 /* pianoSound.mp3 */ = {isa = PBXFileReference; lastKnownFileType = audio.mp3; path = pianoSound.mp3; sourceTree = "<group>"; };
		CC5342052C3BF0EC00112114 /* UserRegistrationViewController.swift */ = {isa = PBXFileReference; lastKnownFileType = sourcecode.swift; path = UserRegistrationViewController.swift; sourceTree = "<group>"; };
		CC5342072C3C459B00112114 /* UserModel.swift */ = {isa = PBXFileReference; lastKnownFileType = sourcecode.swift; path = UserModel.swift; sourceTree = "<group>"; };
		CC5342092C3C460300112114 /* UserRegistrationViewModel.swift */ = {isa = PBXFileReference; lastKnownFileType = sourcecode.swift; path = UserRegistrationViewModel.swift; sourceTree = "<group>"; };
		CC614F392BFF919E0078FC43 /* PersonalCollectionViewCell.swift */ = {isa = PBXFileReference; lastKnownFileType = sourcecode.swift; path = PersonalCollectionViewCell.swift; sourceTree = "<group>"; };
		CC614F3B2BFFAA010078FC43 /* GroupZikrCountViewController.swift */ = {isa = PBXFileReference; lastKnownFileType = sourcecode.swift; path = GroupZikrCountViewController.swift; sourceTree = "<group>"; };
		CC7AD81A2CF0B28200617DB3 /* NotificationViewModel.swift */ = {isa = PBXFileReference; lastKnownFileType = sourcecode.swift; path = NotificationViewModel.swift; sourceTree = "<group>"; };
		CC7AD81C2CF0B4B400617DB3 /* NotificationsViewController.swift */ = {isa = PBXFileReference; lastKnownFileType = sourcecode.swift; path = NotificationsViewController.swift; sourceTree = "<group>"; };
		CC7AD81E2CF0B86400617DB3 /* NotificationTableViewCell.swift */ = {isa = PBXFileReference; lastKnownFileType = sourcecode.swift; path = NotificationTableViewCell.swift; sourceTree = "<group>"; };
		CC898DDA2CEF9D76005CB7A5 /* GetNotificationModel.swift */ = {isa = PBXFileReference; lastKnownFileType = sourcecode.swift; path = GetNotificationModel.swift; sourceTree = "<group>"; };
		CC9B2B7E2C889A4C00192DCD /* GetGroupModel.swift */ = {isa = PBXFileReference; lastKnownFileType = sourcecode.swift; path = GetGroupModel.swift; sourceTree = "<group>"; };
		CC9B2B802C889DCA00192DCD /* URL.swift */ = {isa = PBXFileReference; lastKnownFileType = sourcecode.swift; path = URL.swift; sourceTree = "<group>"; };
		CC9B2B822C889FC500192DCD /* GetGroupViewModel.swift */ = {isa = PBXFileReference; lastKnownFileType = sourcecode.swift; path = GetGroupViewModel.swift; sourceTree = "<group>"; };
		CC9C5A9E2C624D1600D869C2 /* PersonalZikrViewController.swift */ = {isa = PBXFileReference; lastKnownFileType = sourcecode.swift; path = PersonalZikrViewController.swift; sourceTree = "<group>"; };
		CC9F76102C3D5C8D009323C3 /* MembersListViewController.swift */ = {isa = PBXFileReference; lastKnownFileType = sourcecode.swift; path = MembersListViewController.swift; sourceTree = "<group>"; };
		CC9F76122C3D62CC009323C3 /* MembersListTableViewCell.swift */ = {isa = PBXFileReference; lastKnownFileType = sourcecode.swift; path = MembersListTableViewCell.swift; sourceTree = "<group>"; };
		CC9F76162C3D6988009323C3 /* CreateGroupModel.swift */ = {isa = PBXFileReference; fileEncoding = 4; lastKnownFileType = sourcecode.swift; path = CreateGroupModel.swift; sourceTree = "<group>"; };
		CCA034D22BFE77C500FCFC2C /* AddGroupViewController.swift */ = {isa = PBXFileReference; lastKnownFileType = sourcecode.swift; path = AddGroupViewController.swift; sourceTree = "<group>"; };
		CCA046142CC8CD6C0018B82E /* ZikrCountsModel.swift */ = {isa = PBXFileReference; lastKnownFileType = sourcecode.swift; path = ZikrCountsModel.swift; sourceTree = "<group>"; };
		CCA046162CC8D4600018B82E /* ZikrCountViewModel.swift */ = {isa = PBXFileReference; lastKnownFileType = sourcecode.swift; path = ZikrCountViewModel.swift; sourceTree = "<group>"; };
		CCB245E62C32BE7E00D85ED6 /* AddUserViewController.swift */ = {isa = PBXFileReference; lastKnownFileType = sourcecode.swift; path = AddUserViewController.swift; sourceTree = "<group>"; };
		CCB4CF982CE68E0100ADE32B /* AddUserModel.swift */ = {isa = PBXFileReference; lastKnownFileType = sourcecode.swift; path = AddUserModel.swift; sourceTree = "<group>"; };
		CCB4CF9A2CE7953D00ADE32B /* AddUserViewModel.swift */ = {isa = PBXFileReference; lastKnownFileType = sourcecode.swift; path = AddUserViewModel.swift; sourceTree = "<group>"; };
		CCB4CF9C2CE7995D00ADE32B /* AddUserCollectioViewCell.swift */ = {isa = PBXFileReference; lastKnownFileType = sourcecode.swift; path = AddUserCollectioViewCell.swift; sourceTree = "<group>"; };
		CCB90A542C0CA9B7002C2A37 /* InfoViewController.swift */ = {isa = PBXFileReference; lastKnownFileType = sourcecode.swift; path = InfoViewController.swift; sourceTree = "<group>"; };
		CCE70CC72C88E2FE00977248 /* UserLogin.swift */ = {isa = PBXFileReference; lastKnownFileType = sourcecode.swift; path = UserLogin.swift; sourceTree = "<group>"; };
		CCE70CC92C88E34900977248 /* UserLoginViewModel.swift */ = {isa = PBXFileReference; lastKnownFileType = sourcecode.swift; path = UserLoginViewModel.swift; sourceTree = "<group>"; };
		CCF6A5C52BFD01CC00921654 /* UIColor.swift */ = {isa = PBXFileReference; fileEncoding = 4; lastKnownFileType = sourcecode.swift; path = UIColor.swift; sourceTree = "<group>"; };
		CCF6A5C72BFD01CC00921654 /* UILabel.swift */ = {isa = PBXFileReference; fileEncoding = 4; lastKnownFileType = sourcecode.swift; path = UILabel.swift; sourceTree = "<group>"; };
		CCF6A5C82BFD01CC00921654 /* UITextField.swift */ = {isa = PBXFileReference; fileEncoding = 4; lastKnownFileType = sourcecode.swift; path = UITextField.swift; sourceTree = "<group>"; };
		CCF6A5CD2BFD053C00921654 /* Shadows.swift */ = {isa = PBXFileReference; lastKnownFileType = sourcecode.swift; path = Shadows.swift; sourceTree = "<group>"; };
		CCF6A5F22BFD395200921654 /* MainViewController.swift */ = {isa = PBXFileReference; lastKnownFileType = sourcecode.swift; path = MainViewController.swift; sourceTree = "<group>"; };
		CCF6A5F52BFD446800921654 /* GroupCollectionViewCell.swift */ = {isa = PBXFileReference; lastKnownFileType = sourcecode.swift; path = GroupCollectionViewCell.swift; sourceTree = "<group>"; };
		CCF933592D1AFAEE004ADE02 /* BookedPoraRequest.swift */ = {isa = PBXFileReference; lastKnownFileType = sourcecode.swift; path = BookedPoraRequest.swift; sourceTree = "<group>"; };
		CCF9335A2D1AFAEE004ADE02 /* EditHatmGroup.swift */ = {isa = PBXFileReference; lastKnownFileType = sourcecode.swift; path = EditHatmGroup.swift; sourceTree = "<group>"; };
		CCF9335B2D1AFAEE004ADE02 /* FinishedPoraPatchRequest.swift */ = {isa = PBXFileReference; lastKnownFileType = sourcecode.swift; path = FinishedPoraPatchRequest.swift; sourceTree = "<group>"; };
		CCF9335C2D1AFAEE004ADE02 /* FinishedPoraRequest.swift */ = {isa = PBXFileReference; lastKnownFileType = sourcecode.swift; path = FinishedPoraRequest.swift; sourceTree = "<group>"; };
		CCF9335D2D1AFAEE004ADE02 /* FinishedPoraResponse.swift */ = {isa = PBXFileReference; lastKnownFileType = sourcecode.swift; path = FinishedPoraResponse.swift; sourceTree = "<group>"; };
		CCF9335E2D1AFAEE004ADE02 /* GetBookedPoraModel.swift */ = {isa = PBXFileReference; lastKnownFileType = sourcecode.swift; path = GetBookedPoraModel.swift; sourceTree = "<group>"; };
		CCF9335F2D1AFAEE004ADE02 /* GetHatimGroupData.swift */ = {isa = PBXFileReference; lastKnownFileType = sourcecode.swift; path = GetHatimGroupData.swift; sourceTree = "<group>"; };
		CCF933602D1AFAEE004ADE02 /* GetUserProfileFromID.swift */ = {isa = PBXFileReference; lastKnownFileType = sourcecode.swift; path = GetUserProfileFromID.swift; sourceTree = "<group>"; };
		CCF933612D1AFAEE004ADE02 /* HatimGroupModel.swift */ = {isa = PBXFileReference; lastKnownFileType = sourcecode.swift; path = HatimGroupModel.swift; sourceTree = "<group>"; };
		CCF933622D1AFAEE004ADE02 /* HatmGroupJuzCountDetail.swift */ = {isa = PBXFileReference; lastKnownFileType = sourcecode.swift; path = HatmGroupJuzCountDetail.swift; sourceTree = "<group>"; };
		CCF933632D1AFAEE004ADE02 /* HatmGroupProfile.swift */ = {isa = PBXFileReference; lastKnownFileType = sourcecode.swift; path = HatmGroupProfile.swift; sourceTree = "<group>"; };
		CCF933642D1AFAEE004ADE02 /* HatmGroupUserModel.swift */ = {isa = PBXFileReference; lastKnownFileType = sourcecode.swift; path = HatmGroupUserModel.swift; sourceTree = "<group>"; };
		CCF933652D1AFAEE004ADE02 /* PatchBookedPora.swift */ = {isa = PBXFileReference; lastKnownFileType = sourcecode.swift; path = PatchBookedPora.swift; sourceTree = "<group>"; };
		CCF933662D1AFAEE004ADE02 /* PoralarModel.swift */ = {isa = PBXFileReference; lastKnownFileType = sourcecode.swift; path = PoralarModel.swift; sourceTree = "<group>"; };
		CCF933682D1AFAEE004ADE02 /* HatimMainViewController.swift */ = {isa = PBXFileReference; lastKnownFileType = sourcecode.swift; path = HatimMainViewController.swift; sourceTree = "<group>"; };
		CCF933692D1AFAEE004ADE02 /* PersonalHatmInfoViewController.swift */ = {isa = PBXFileReference; lastKnownFileType = sourcecode.swift; path = PersonalHatmInfoViewController.swift; sourceTree = "<group>"; };
		CCF9336B2D1AFAEE004ADE02 /* GroupHatimInfoViewController.swift */ = {isa = PBXFileReference; lastKnownFileType = sourcecode.swift; path = GroupHatimInfoViewController.swift; sourceTree = "<group>"; };
		CCF9336C2D1AFAEE004ADE02 /* HatimGroupMembersListViewController.swift */ = {isa = PBXFileReference; lastKnownFileType = sourcecode.swift; path = HatimGroupMembersListViewController.swift; sourceTree = "<group>"; };
		CCF9336E2D1AFAEE004ADE02 /* AddHatimGroupViewController.swift */ = {isa = PBXFileReference; lastKnownFileType = sourcecode.swift; path = AddHatimGroupViewController.swift; sourceTree = "<group>"; };
		CCF9336F2D1AFAEE004ADE02 /* AddPersonalHatmViewController.swift */ = {isa = PBXFileReference; lastKnownFileType = sourcecode.swift; path = AddPersonalHatmViewController.swift; sourceTree = "<group>"; };
		CCF933702D1AFAEE004ADE02 /* EditHatmGroupViewController.swift */ = {isa = PBXFileReference; lastKnownFileType = sourcecode.swift; path = EditHatmGroupViewController.swift; sourceTree = "<group>"; };
		CCF933722D1AFAEE004ADE02 /* HatmGroupMemberListCollectionViewCell.swift */ = {isa = PBXFileReference; lastKnownFileType = sourcecode.swift; path = HatmGroupMemberListCollectionViewCell.swift; sourceTree = "<group>"; };
		CCF933742D1AFAEE004ADE02 /* HatimGroupInfoCollectionViewCell.swift */ = {isa = PBXFileReference; lastKnownFileType = sourcecode.swift; path = HatimGroupInfoCollectionViewCell.swift; sourceTree = "<group>"; };
		CCF933752D1AFAEE004ADE02 /* HatimInfoHeaderView.swift */ = {isa = PBXFileReference; lastKnownFileType = sourcecode.swift; path = HatimInfoHeaderView.swift; sourceTree = "<group>"; };
		CCF933772D1AFAEE004ADE02 /* HatmPersonalInfoCollectionViewCell.swift */ = {isa = PBXFileReference; lastKnownFileType = sourcecode.swift; path = HatmPersonalInfoCollectionViewCell.swift; sourceTree = "<group>"; };
		CCF933782D1AFAEE004ADE02 /* HatmPersonalInfoHeaderView.swift */ = {isa = PBXFileReference; lastKnownFileType = sourcecode.swift; path = HatmPersonalInfoHeaderView.swift; sourceTree = "<group>"; };
		CCF9337B2D1AFAEE004ADE02 /* GroupHatimCollectionViewCell.swift */ = {isa = PBXFileReference; lastKnownFileType = sourcecode.swift; path = GroupHatimCollectionViewCell.swift; sourceTree = "<group>"; };
		CCF9337C2D1AFAEE004ADE02 /* PersonalHatimCollectionViewCell.swift */ = {isa = PBXFileReference; lastKnownFileType = sourcecode.swift; path = PersonalHatimCollectionViewCell.swift; sourceTree = "<group>"; };
		CCF9337E2D1AFAEE004ADE02 /* MenuCollectionViewCell.swift */ = {isa = PBXFileReference; lastKnownFileType = sourcecode.swift; path = MenuCollectionViewCell.swift; sourceTree = "<group>"; };
		CCF933812D1AFAEE004ADE02 /* BookPoraViewModel.swift */ = {isa = PBXFileReference; lastKnownFileType = sourcecode.swift; path = BookPoraViewModel.swift; sourceTree = "<group>"; };
		CCF933822D1AFAEE004ADE02 /* CreateHatimGroupViewModel.swift */ = {isa = PBXFileReference; lastKnownFileType = sourcecode.swift; path = CreateHatimGroupViewModel.swift; sourceTree = "<group>"; };
		CCF933832D1AFAEE004ADE02 /* DeleteHatmGroupViewModel.swift */ = {isa = PBXFileReference; lastKnownFileType = sourcecode.swift; path = DeleteHatmGroupViewModel.swift; sourceTree = "<group>"; };
		CCF933842D1AFAEE004ADE02 /* EditHatmGroupViewModel.swift */ = {isa = PBXFileReference; lastKnownFileType = sourcecode.swift; path = EditHatmGroupViewModel.swift; sourceTree = "<group>"; };
		CCF933852D1AFAEE004ADE02 /* FinishedPoraViewModel.swift */ = {isa = PBXFileReference; lastKnownFileType = sourcecode.swift; path = FinishedPoraViewModel.swift; sourceTree = "<group>"; };
		CCF933862D1AFAEE004ADE02 /* GetBookedPoraViewModel.swift */ = {isa = PBXFileReference; lastKnownFileType = sourcecode.swift; path = GetBookedPoraViewModel.swift; sourceTree = "<group>"; };
		CCF933872D1AFAEE004ADE02 /* GetFinishedPoraViewModel.swift */ = {isa = PBXFileReference; lastKnownFileType = sourcecode.swift; path = GetFinishedPoraViewModel.swift; sourceTree = "<group>"; };
		CCF933882D1AFAEE004ADE02 /* GetUserDetailFromID.swift */ = {isa = PBXFileReference; lastKnownFileType = sourcecode.swift; path = GetUserDetailFromID.swift; sourceTree = "<group>"; };
		CCF933892D1AFAEE004ADE02 /* GetUserDetailViewModel.swift */ = {isa = PBXFileReference; lastKnownFileType = sourcecode.swift; path = GetUserDetailViewModel.swift; sourceTree = "<group>"; };
		CCF9338A2D1AFAEE004ADE02 /* HatimGetGroupViewModel.swift */ = {isa = PBXFileReference; lastKnownFileType = sourcecode.swift; path = HatimGetGroupViewModel.swift; sourceTree = "<group>"; };
		CCF9338B2D1AFAEE004ADE02 /* HatmGroupDetailsViewModel.swift */ = {isa = PBXFileReference; lastKnownFileType = sourcecode.swift; path = HatmGroupDetailsViewModel.swift; sourceTree = "<group>"; };
		CCF9338C2D1AFAEE004ADE02 /* PatchBookedPoralarViewModel.swift */ = {isa = PBXFileReference; lastKnownFileType = sourcecode.swift; path = PatchBookedPoralarViewModel.swift; sourceTree = "<group>"; };
		CCF9338D2D1AFAEE004ADE02 /* PatchBookedPoraViewModel.swift */ = {isa = PBXFileReference; lastKnownFileType = sourcecode.swift; path = PatchBookedPoraViewModel.swift; sourceTree = "<group>"; };
		CCF9338E2D1AFAEE004ADE02 /* PoralarViewModel.swift */ = {isa = PBXFileReference; lastKnownFileType = sourcecode.swift; path = PoralarViewModel.swift; sourceTree = "<group>"; };
		CCF9338F2D1AFAEE004ADE02 /* UserProfileViewModel.swift */ = {isa = PBXFileReference; lastKnownFileType = sourcecode.swift; path = UserProfileViewModel.swift; sourceTree = "<group>"; };
		CCFED39D2C934BF000AE5A96 /* ProfileViewController.swift */ = {isa = PBXFileReference; lastKnownFileType = sourcecode.swift; path = ProfileViewController.swift; sourceTree = "<group>"; };
		CCFED39F2C9359FC00AE5A96 /* ProfileTableViewCell.swift */ = {isa = PBXFileReference; lastKnownFileType = sourcecode.swift; path = ProfileTableViewCell.swift; sourceTree = "<group>"; };
		CCFED3A12C9363DA00AE5A96 /* ProfileHeaderView.swift */ = {isa = PBXFileReference; fileEncoding = 4; lastKnownFileType = sourcecode.swift; path = ProfileHeaderView.swift; sourceTree = "<group>"; };
		CCFED3A32C937AC000AE5A96 /* ProfileViewModel.swift */ = {isa = PBXFileReference; lastKnownFileType = sourcecode.swift; path = ProfileViewModel.swift; sourceTree = "<group>"; };
		E08F1B70C3D7ADF291199CC5 /* Pods-ZikrTask.debug.xcconfig */ = {isa = PBXFileReference; includeInIndex = 1; lastKnownFileType = text.xcconfig; name = "Pods-ZikrTask.debug.xcconfig"; path = "Target Support Files/Pods-ZikrTask/Pods-ZikrTask.debug.xcconfig"; sourceTree = "<group>"; };
/* End PBXFileReference section */

/* Begin PBXFrameworksBuildPhase section */
		CC3966122BFCD56200C861C9 /* Frameworks */ = {
			isa = PBXFrameworksBuildPhase;
			buildActionMask = 2147483647;
			files = (
				224C501C889FB7CD7AC081D6 /* Pods_ZikrTask.framework in Frameworks */,
			);
			runOnlyForDeploymentPostprocessing = 0;
		};
/* End PBXFrameworksBuildPhase section */

/* Begin PBXGroup section */
		54EE2A3EBA3392DD41A218D6 /* Frameworks */ = {
			isa = PBXGroup;
			children = (
				5B342DE2D552499878BB535A /* Pods_ZikrTask.framework */,
			);
			name = Frameworks;
			sourceTree = "<group>";
		};
		7BE302489919E1C2AB0AAED7 /* Pods */ = {
			isa = PBXGroup;
			children = (
				E08F1B70C3D7ADF291199CC5 /* Pods-ZikrTask.debug.xcconfig */,
				C626B4167D8F69A3B6B6BCD2 /* Pods-ZikrTask.release.xcconfig */,
			);
			path = Pods;
			sourceTree = "<group>";
		};
		CC16DD9D2CBBED940029AF4E /* MenuViewController */ = {
			isa = PBXGroup;
			children = (
				CC16DD9E2CBBEDA20029AF4E /* MenuViewController.swift */,
			);
			path = MenuViewController;
			sourceTree = "<group>";
		};
		CC16DDA92CBBEDCE0029AF4E /* ZikrViewController */ = {
			isa = PBXGroup;
			children = (
				CCF6A5F22BFD395200921654 /* MainViewController.swift */,
				CCA034D22BFE77C500FCFC2C /* AddGroupViewController.swift */,
				CC614F3B2BFFAA010078FC43 /* GroupZikrCountViewController.swift */,
				CC9C5A9E2C624D1600D869C2 /* PersonalZikrViewController.swift */,
				CCB245E62C32BE7E00D85ED6 /* AddUserViewController.swift */,
				CCFED39D2C934BF000AE5A96 /* ProfileViewController.swift */,
				CC7AD81C2CF0B4B400617DB3 /* NotificationsViewController.swift */,
				CC9F76102C3D5C8D009323C3 /* MembersListViewController.swift */,
				CCB90A542C0CA9B7002C2A37 /* InfoViewController.swift */,
			);
			path = ZikrViewController;
			sourceTree = "<group>";
		};
		CC16DDAA2CBBEDF60029AF4E /* AuthorizationViewController */ = {
			isa = PBXGroup;
			children = (
				CC39661C2BFCD56200C861C9 /* LogInViewController.swift */,
				CC5342052C3BF0EC00112114 /* UserRegistrationViewController.swift */,
			);
			path = AuthorizationViewController;
			sourceTree = "<group>";
		};
		CC2C2A202C79E2A20014F37D /* Manager */ = {
			isa = PBXGroup;
			children = (
				CC2C2A212C79E2B20014F37D /* ApiManager.swift */,
			);
			path = Manager;
			sourceTree = "<group>";
		};
		CC39660C2BFCD56200C861C9 = {
			isa = PBXGroup;
			children = (
				CC3966172BFCD56200C861C9 /* ZikrTask */,
				CC3966162BFCD56200C861C9 /* Products */,
				7BE302489919E1C2AB0AAED7 /* Pods */,
				54EE2A3EBA3392DD41A218D6 /* Frameworks */,
			);
			sourceTree = "<group>";
		};
		CC3966162BFCD56200C861C9 /* Products */ = {
			isa = PBXGroup;
			children = (
				CC3966152BFCD56200C861C9 /* ZikrTask.app */,
			);
			name = Products;
			sourceTree = "<group>";
		};
		CC3966172BFCD56200C861C9 /* ZikrTask */ = {
			isa = PBXGroup;
			children = (
				CCF933912D1AFAEE004ADE02 /* Hatm */,
				CCF933582D1AFA3B004ADE02 /* Zikr */,
				CC2C2A202C79E2A20014F37D /* Manager */,
				CC3966242BFCD56300C861C9 /* Assets.xcassets */,
				CC50C6662C2830EC00180E42 /* pianoSound.mp3 */,
				CC3966292BFCD56300C861C9 /* Info.plist */,
				CC3966212BFCD56200C861C9 /* ZikrTask.xcdatamodeld */,
			);
			path = ZikrTask;
			sourceTree = "<group>";
		};
		CC84AC132CBD43BB00F86D41 /* Zikr */ = {
			isa = PBXGroup;
			children = (
				CC7AD81E2CF0B86400617DB3 /* NotificationTableViewCell.swift */,
				CCF6A5F52BFD446800921654 /* GroupCollectionViewCell.swift */,
				CCB4CF9C2CE7995D00ADE32B /* AddUserCollectioViewCell.swift */,
				CCFED3A12C9363DA00AE5A96 /* ProfileHeaderView.swift */,
				CCFED39F2C9359FC00AE5A96 /* ProfileTableViewCell.swift */,
				CC0B98032C7F39FB002D1C80 /* SegmentCollectionViewCell.swift */,
				CC614F392BFF919E0078FC43 /* PersonalCollectionViewCell.swift */,
				CC9F76122C3D62CC009323C3 /* MembersListTableViewCell.swift */,
			);
			path = Zikr;
			sourceTree = "<group>";
		};
		CC84AC142CBD43D300F86D41 /* ZikrViewModel */ = {
			isa = PBXGroup;
			children = (
				CCE70CC92C88E34900977248 /* UserLoginViewModel.swift */,
				CC5342092C3C460300112114 /* UserRegistrationViewModel.swift */,
				CC9B2B822C889FC500192DCD /* GetGroupViewModel.swift */,
				CC13512E2C492F3200649A78 /* CreateGroupViewModel.swift */,
				CCA046162CC8D4600018B82E /* ZikrCountViewModel.swift */,
				CCB4CF9A2CE7953D00ADE32B /* AddUserViewModel.swift */,
				CC7AD81A2CF0B28200617DB3 /* NotificationViewModel.swift */,
				CCFED3A32C937AC000AE5A96 /* ProfileViewModel.swift */,
			);
			path = ZikrViewModel;
			sourceTree = "<group>";
		};
		CCA046132CC8CD5B0018B82E /* ZikrModel */ = {
			isa = PBXGroup;
			children = (
				CC898DDA2CEF9D76005CB7A5 /* GetNotificationModel.swift */,
				CC1FEFEB2CEF8B3F008CD1DC /* SendNotificationModel.swift */,
				CCE70CC72C88E2FE00977248 /* UserLogin.swift */,
				CC5342072C3C459B00112114 /* UserModel.swift */,
				CC9B2B7E2C889A4C00192DCD /* GetGroupModel.swift */,
				CC1D25A42CBD5AFC0062400F /* GetZikrModel.swift */,
				CC9F76162C3D6988009323C3 /* CreateGroupModel.swift */,
				CC42BE4E2CBADA3900014D06 /* CreateZikrModel.swift */,
				CCB4CF982CE68E0100ADE32B /* AddUserModel.swift */,
				CCA046142CC8CD6C0018B82E /* ZikrCountsModel.swift */,
			);
			path = ZikrModel;
			sourceTree = "<group>";
		};
		CCF6A5BF2BFD00F700921654 /* ViewModel */ = {
			isa = PBXGroup;
			children = (
				CC84AC142CBD43D300F86D41 /* ZikrViewModel */,
			);
			path = ViewModel;
			sourceTree = "<group>";
		};
		CCF6A5C02BFD00FC00921654 /* View */ = {
			isa = PBXGroup;
			children = (
				CC16DDAA2CBBEDF60029AF4E /* AuthorizationViewController */,
				CC16DDA92CBBEDCE0029AF4E /* ZikrViewController */,
				CC16DD9D2CBBED940029AF4E /* MenuViewController */,
				CCF6A5F42BFD444F00921654 /* Cell */,
				CCF6A5C42BFD011D00921654 /* Storyboard */,
			);
			path = View;
			sourceTree = "<group>";
		};
		CCF6A5C12BFD010100921654 /* Model */ = {
			isa = PBXGroup;
			children = (
				CCA046132CC8CD5B0018B82E /* ZikrModel */,
			);
			path = Model;
			sourceTree = "<group>";
		};
		CCF6A5C22BFD010700921654 /* App */ = {
			isa = PBXGroup;
			children = (
				CC3966182BFCD56200C861C9 /* AppDelegate.swift */,
				CC39661A2BFCD56200C861C9 /* SceneDelegate.swift */,
			);
			path = App;
			sourceTree = "<group>";
		};
		CCF6A5C32BFD010B00921654 /* Extension */ = {
			isa = PBXGroup;
			children = (
				CCF6A5CD2BFD053C00921654 /* Shadows.swift */,
				CCF6A5C92BFD01CC00921654 /* Base */,
				CCF6A5C62BFD01CC00921654 /* Colors */,
			);
			path = Extension;
			sourceTree = "<group>";
		};
		CCF6A5C42BFD011D00921654 /* Storyboard */ = {
			isa = PBXGroup;
			children = (
				CC3966262BFCD56300C861C9 /* LaunchScreen.storyboard */,
			);
			path = Storyboard;
			sourceTree = "<group>";
		};
		CCF6A5C62BFD01CC00921654 /* Colors */ = {
			isa = PBXGroup;
			children = (
				CCF6A5C52BFD01CC00921654 /* UIColor.swift */,
			);
			path = Colors;
			sourceTree = "<group>";
		};
		CCF6A5C92BFD01CC00921654 /* Base */ = {
			isa = PBXGroup;
			children = (
				CC9B2B802C889DCA00192DCD /* URL.swift */,
				CCF6A5C72BFD01CC00921654 /* UILabel.swift */,
				CCF6A5C82BFD01CC00921654 /* UITextField.swift */,
			);
			path = Base;
			sourceTree = "<group>";
		};
		CCF6A5F42BFD444F00921654 /* Cell */ = {
			isa = PBXGroup;
			children = (
				CC84AC132CBD43BB00F86D41 /* Zikr */,
			);
			path = Cell;
			sourceTree = "<group>";
		};
		CCF933582D1AFA3B004ADE02 /* Zikr */ = {
			isa = PBXGroup;
			children = (
				CCF6A5C22BFD010700921654 /* App */,
				CCF6A5C32BFD010B00921654 /* Extension */,
				CCF6A5BF2BFD00F700921654 /* ViewModel */,
				CCF6A5C02BFD00FC00921654 /* View */,
				CCF6A5C12BFD010100921654 /* Model */,
			);
			path = Zikr;
			sourceTree = "<group>";
		};
		CCF933672D1AFAEE004ADE02 /* HatimModel */ = {
			isa = PBXGroup;
			children = (
				CCF933592D1AFAEE004ADE02 /* BookedPoraRequest.swift */,
				CCF9335A2D1AFAEE004ADE02 /* EditHatmGroup.swift */,
				CCF9335B2D1AFAEE004ADE02 /* FinishedPoraPatchRequest.swift */,
				CCF9335C2D1AFAEE004ADE02 /* FinishedPoraRequest.swift */,
				CCF9335D2D1AFAEE004ADE02 /* FinishedPoraResponse.swift */,
				CCF9335E2D1AFAEE004ADE02 /* GetBookedPoraModel.swift */,
				CCF9335F2D1AFAEE004ADE02 /* GetHatimGroupData.swift */,
				CCF933602D1AFAEE004ADE02 /* GetUserProfileFromID.swift */,
				CCF933612D1AFAEE004ADE02 /* HatimGroupModel.swift */,
				CCF933622D1AFAEE004ADE02 /* HatmGroupJuzCountDetail.swift */,
				CCF933632D1AFAEE004ADE02 /* HatmGroupProfile.swift */,
				CCF933642D1AFAEE004ADE02 /* HatmGroupUserModel.swift */,
				CCF933652D1AFAEE004ADE02 /* PatchBookedPora.swift */,
				CCF933662D1AFAEE004ADE02 /* PoralarModel.swift */,
			);
			path = HatimModel;
			sourceTree = "<group>";
		};
		CCF9336A2D1AFAEE004ADE02 /* Personal */ = {
			isa = PBXGroup;
			children = (
				CCF933692D1AFAEE004ADE02 /* PersonalHatmInfoViewController.swift */,
			);
			path = Personal;
			sourceTree = "<group>";
		};
		CCF9336D2D1AFAEE004ADE02 /* Group */ = {
			isa = PBXGroup;
			children = (
				CCF9336B2D1AFAEE004ADE02 /* GroupHatimInfoViewController.swift */,
				CCF9336C2D1AFAEE004ADE02 /* HatimGroupMembersListViewController.swift */,
			);
			path = Group;
			sourceTree = "<group>";
		};
		CCF933712D1AFAEE004ADE02 /* AddandEditHatmGroup */ = {
			isa = PBXGroup;
			children = (
				CCF9336E2D1AFAEE004ADE02 /* AddHatimGroupViewController.swift */,
				CCF9336F2D1AFAEE004ADE02 /* AddPersonalHatmViewController.swift */,
				CCF933702D1AFAEE004ADE02 /* EditHatmGroupViewController.swift */,
			);
			path = AddandEditHatmGroup;
			sourceTree = "<group>";
		};
		CCF933732D1AFAEE004ADE02 /* HatmGroupMemberCell */ = {
			isa = PBXGroup;
			children = (
				CCF933722D1AFAEE004ADE02 /* HatmGroupMemberListCollectionViewCell.swift */,
			);
			path = HatmGroupMemberCell;
			sourceTree = "<group>";
		};
		CCF933762D1AFAEE004ADE02 /* Group */ = {
			isa = PBXGroup;
			children = (
				CCF933732D1AFAEE004ADE02 /* HatmGroupMemberCell */,
				CCF933742D1AFAEE004ADE02 /* HatimGroupInfoCollectionViewCell.swift */,
				CCF933752D1AFAEE004ADE02 /* HatimInfoHeaderView.swift */,
			);
			path = Group;
			sourceTree = "<group>";
		};
		CCF933792D1AFAEE004ADE02 /* Personal */ = {
			isa = PBXGroup;
			children = (
				CCF933772D1AFAEE004ADE02 /* HatmPersonalInfoCollectionViewCell.swift */,
				CCF933782D1AFAEE004ADE02 /* HatmPersonalInfoHeaderView.swift */,
			);
			path = Personal;
			sourceTree = "<group>";
		};
		CCF9337A2D1AFAEE004ADE02 /* HatmInfoCell */ = {
			isa = PBXGroup;
			children = (
				CCF933762D1AFAEE004ADE02 /* Group */,
				CCF933792D1AFAEE004ADE02 /* Personal */,
			);
			path = HatmInfoCell;
			sourceTree = "<group>";
		};
		CCF9337D2D1AFAEE004ADE02 /* HatmCell */ = {
			isa = PBXGroup;
			children = (
				CCF9337A2D1AFAEE004ADE02 /* HatmInfoCell */,
				CCF9337B2D1AFAEE004ADE02 /* GroupHatimCollectionViewCell.swift */,
				CCF9337C2D1AFAEE004ADE02 /* PersonalHatimCollectionViewCell.swift */,
			);
			path = HatmCell;
			sourceTree = "<group>";
		};
		CCF9337F2D1AFAEE004ADE02 /* HatmCell */ = {
			isa = PBXGroup;
			children = (
				CCF9337D2D1AFAEE004ADE02 /* HatmCell */,
				CCF9337E2D1AFAEE004ADE02 /* MenuCollectionViewCell.swift */,
			);
			path = HatmCell;
			sourceTree = "<group>";
		};
		CCF933802D1AFAEE004ADE02 /* HatmViewController */ = {
			isa = PBXGroup;
			children = (
				CCF933682D1AFAEE004ADE02 /* HatimMainViewController.swift */,
				CCF9336A2D1AFAEE004ADE02 /* Personal */,
				CCF9336D2D1AFAEE004ADE02 /* Group */,
				CCF933712D1AFAEE004ADE02 /* AddandEditHatmGroup */,
				CCF9337F2D1AFAEE004ADE02 /* HatmCell */,
			);
			path = HatmViewController;
			sourceTree = "<group>";
		};
		CCF933902D1AFAEE004ADE02 /* HatmViewModel */ = {
			isa = PBXGroup;
			children = (
				CCF933812D1AFAEE004ADE02 /* BookPoraViewModel.swift */,
				CCF933822D1AFAEE004ADE02 /* CreateHatimGroupViewModel.swift */,
				CCF933832D1AFAEE004ADE02 /* DeleteHatmGroupViewModel.swift */,
				CCF933842D1AFAEE004ADE02 /* EditHatmGroupViewModel.swift */,
				CCF933852D1AFAEE004ADE02 /* FinishedPoraViewModel.swift */,
				CCF933862D1AFAEE004ADE02 /* GetBookedPoraViewModel.swift */,
				CCF933872D1AFAEE004ADE02 /* GetFinishedPoraViewModel.swift */,
				CCF933882D1AFAEE004ADE02 /* GetUserDetailFromID.swift */,
				CCF933892D1AFAEE004ADE02 /* GetUserDetailViewModel.swift */,
				CCF9338A2D1AFAEE004ADE02 /* HatimGetGroupViewModel.swift */,
				CCF9338B2D1AFAEE004ADE02 /* HatmGroupDetailsViewModel.swift */,
				CCF9338C2D1AFAEE004ADE02 /* PatchBookedPoralarViewModel.swift */,
				CCF9338D2D1AFAEE004ADE02 /* PatchBookedPoraViewModel.swift */,
				CCF9338E2D1AFAEE004ADE02 /* PoralarViewModel.swift */,
				CCF9338F2D1AFAEE004ADE02 /* UserProfileViewModel.swift */,
			);
			path = HatmViewModel;
			sourceTree = "<group>";
		};
		CCF933912D1AFAEE004ADE02 /* Hatm */ = {
			isa = PBXGroup;
			children = (
				CCF933672D1AFAEE004ADE02 /* HatimModel */,
				CCF933802D1AFAEE004ADE02 /* HatmViewController */,
				CCF933902D1AFAEE004ADE02 /* HatmViewModel */,
			);
			path = Hatm;
			sourceTree = "<group>";
		};
/* End PBXGroup section */

/* Begin PBXNativeTarget section */
		CC3966142BFCD56200C861C9 /* ZikrTask */ = {
			isa = PBXNativeTarget;
			buildConfigurationList = CC39662C2BFCD56300C861C9 /* Build configuration list for PBXNativeTarget "ZikrTask" */;
			buildPhases = (
				6540181BAC5B8B753234C94B /* [CP] Check Pods Manifest.lock */,
				CC3966112BFCD56200C861C9 /* Sources */,
				CC3966122BFCD56200C861C9 /* Frameworks */,
				CC3966132BFCD56200C861C9 /* Resources */,
				42D9599EB63FF90378A65255 /* [CP] Embed Pods Frameworks */,
			);
			buildRules = (
			);
			dependencies = (
			);
			name = ZikrTask;
			productName = ZikrTask;
			productReference = CC3966152BFCD56200C861C9 /* ZikrTask.app */;
			productType = "com.apple.product-type.application";
		};
/* End PBXNativeTarget section */

/* Begin PBXProject section */
		CC39660D2BFCD56200C861C9 /* Project object */ = {
			isa = PBXProject;
			attributes = {
				BuildIndependentTargetsInParallel = 1;
				LastSwiftUpdateCheck = 1540;
				LastUpgradeCheck = 1540;
				TargetAttributes = {
					CC3966142BFCD56200C861C9 = {
						CreatedOnToolsVersion = 15.4;
					};
				};
			};
			buildConfigurationList = CC3966102BFCD56200C861C9 /* Build configuration list for PBXProject "ZikrTask" */;
			compatibilityVersion = "Xcode 14.0";
			developmentRegion = en;
			hasScannedForEncodings = 0;
			knownRegions = (
				en,
				Base,
			);
			mainGroup = CC39660C2BFCD56200C861C9;
			productRefGroup = CC3966162BFCD56200C861C9 /* Products */;
			projectDirPath = "";
			projectRoot = "";
			targets = (
				CC3966142BFCD56200C861C9 /* ZikrTask */,
			);
		};
/* End PBXProject section */

/* Begin PBXResourcesBuildPhase section */
		CC3966132BFCD56200C861C9 /* Resources */ = {
			isa = PBXResourcesBuildPhase;
			buildActionMask = 2147483647;
			files = (
				CC50C6672C2830EC00180E42 /* pianoSound.mp3 in Resources */,
				CC3966252BFCD56300C861C9 /* Assets.xcassets in Resources */,
				CC3966282BFCD56300C861C9 /* Base in Resources */,
			);
			runOnlyForDeploymentPostprocessing = 0;
		};
/* End PBXResourcesBuildPhase section */

/* Begin PBXShellScriptBuildPhase section */
		42D9599EB63FF90378A65255 /* [CP] Embed Pods Frameworks */ = {
			isa = PBXShellScriptBuildPhase;
			buildActionMask = 2147483647;
			files = (
			);
			inputFileListPaths = (
				"${PODS_ROOT}/Target Support Files/Pods-ZikrTask/Pods-ZikrTask-frameworks-${CONFIGURATION}-input-files.xcfilelist",
			);
			name = "[CP] Embed Pods Frameworks";
			outputFileListPaths = (
				"${PODS_ROOT}/Target Support Files/Pods-ZikrTask/Pods-ZikrTask-frameworks-${CONFIGURATION}-output-files.xcfilelist",
			);
			runOnlyForDeploymentPostprocessing = 0;
			shellPath = /bin/sh;
			shellScript = "\"${PODS_ROOT}/Target Support Files/Pods-ZikrTask/Pods-ZikrTask-frameworks.sh\"\n";
			showEnvVarsInLog = 0;
		};
		6540181BAC5B8B753234C94B /* [CP] Check Pods Manifest.lock */ = {
			isa = PBXShellScriptBuildPhase;
			buildActionMask = 2147483647;
			files = (
			);
			inputFileListPaths = (
			);
			inputPaths = (
				"${PODS_PODFILE_DIR_PATH}/Podfile.lock",
				"${PODS_ROOT}/Manifest.lock",
			);
			name = "[CP] Check Pods Manifest.lock";
			outputFileListPaths = (
			);
			outputPaths = (
				"$(DERIVED_FILE_DIR)/Pods-ZikrTask-checkManifestLockResult.txt",
			);
			runOnlyForDeploymentPostprocessing = 0;
			shellPath = /bin/sh;
			shellScript = "diff \"${PODS_PODFILE_DIR_PATH}/Podfile.lock\" \"${PODS_ROOT}/Manifest.lock\" > /dev/null\nif [ $? != 0 ] ; then\n    # print error to STDERR\n    echo \"error: The sandbox is not in sync with the Podfile.lock. Run 'pod install' or update your CocoaPods installation.\" >&2\n    exit 1\nfi\n# This output is used by Xcode 'outputs' to avoid re-running this script phase.\necho \"SUCCESS\" > \"${SCRIPT_OUTPUT_FILE_0}\"\n";
			showEnvVarsInLog = 0;
		};
/* End PBXShellScriptBuildPhase section */

/* Begin PBXSourcesBuildPhase section */
		CC3966112BFCD56200C861C9 /* Sources */ = {
			isa = PBXSourcesBuildPhase;
			buildActionMask = 2147483647;
			files = (
				CCA046172CC8D4680018B82E /* ZikrCountViewModel.swift in Sources */,
				CCA046152CC8CD710018B82E /* ZikrCountsModel.swift in Sources */,
				CCA034D32BFE77C500FCFC2C /* AddGroupViewController.swift in Sources */,
				CC3966232BFCD56200C861C9 /* ZikrTask.xcdatamodeld in Sources */,
				CCF6A5CE2BFD053C00921654 /* Shadows.swift in Sources */,
				CCFED3A22C9363DA00AE5A96 /* ProfileHeaderView.swift in Sources */,
				CC39661D2BFCD56200C861C9 /* LogInViewController.swift in Sources */,
				CC5342062C3BF0EC00112114 /* UserRegistrationViewController.swift in Sources */,
				CCF6A5CC2BFD01CC00921654 /* UITextField.swift in Sources */,
				CCB4CF9D2CE7996E00ADE32B /* AddUserCollectioViewCell.swift in Sources */,
				CC614F3C2BFFAA010078FC43 /* GroupZikrCountViewController.swift in Sources */,
				CC9B2B832C889FC500192DCD /* GetGroupViewModel.swift in Sources */,
				CC53420A2C3C460300112114 /* UserRegistrationViewModel.swift in Sources */,
				CC7AD81D2CF0B4C200617DB3 /* NotificationsViewController.swift in Sources */,
				CCFED3A02C9359FC00AE5A96 /* ProfileTableViewCell.swift in Sources */,
				CCE70CC82C88E2FE00977248 /* UserLogin.swift in Sources */,
				CC9F76172C3D6988009323C3 /* CreateGroupModel.swift in Sources */,
				CC3966192BFCD56200C861C9 /* AppDelegate.swift in Sources */,
				CCB4CF9B2CE7954700ADE32B /* AddUserViewModel.swift in Sources */,
				CC7AD81B2CF0B28B00617DB3 /* NotificationViewModel.swift in Sources */,
				CCFED39E2C934BF000AE5A96 /* ProfileViewController.swift in Sources */,
				CC9F76112C3D5C8D009323C3 /* MembersListViewController.swift in Sources */,
				CC9B2B812C889DCA00192DCD /* URL.swift in Sources */,
				CC1D25A52CBD5B010062400F /* GetZikrModel.swift in Sources */,
				CC5342082C3C459B00112114 /* UserModel.swift in Sources */,
				CC1FEFEC2CEF8B4D008CD1DC /* SendNotificationModel.swift in Sources */,
				CC13512F2C492F3200649A78 /* CreateGroupViewModel.swift in Sources */,
				CC9F76132C3D62CC009323C3 /* MembersListTableViewCell.swift in Sources */,
				CCB4CF992CE68E1800ADE32B /* AddUserModel.swift in Sources */,
				CC39661B2BFCD56200C861C9 /* SceneDelegate.swift in Sources */,
				CC0B98042C7F39FB002D1C80 /* SegmentCollectionViewCell.swift in Sources */,
				CCE70CCA2C88E34900977248 /* UserLoginViewModel.swift in Sources */,
				CC9B2B7F2C889A4C00192DCD /* GetGroupModel.swift in Sources */,
				CCF6A5F32BFD395200921654 /* MainViewController.swift in Sources */,
				CC898DDB2CEF9D80005CB7A5 /* GetNotificationModel.swift in Sources */,
				CC2C2A222C79E2B20014F37D /* ApiManager.swift in Sources */,
				CC614F3A2BFF919E0078FC43 /* PersonalCollectionViewCell.swift in Sources */,
				CCB245E72C32BE7E00D85ED6 /* AddUserViewController.swift in Sources */,
				CCB90A552C0CA9B7002C2A37 /* InfoViewController.swift in Sources */,
				CC7AD81F2CF0B86E00617DB3 /* NotificationTableViewCell.swift in Sources */,
				CC16DD9F2CBBEDA20029AF4E /* MenuViewController.swift in Sources */,
				CC9C5A9F2C624D1600D869C2 /* PersonalZikrViewController.swift in Sources */,
				CCF933922D1AFAEE004ADE02 /* HatmPersonalInfoHeaderView.swift in Sources */,
				CCF933932D1AFAEE004ADE02 /* PatchBookedPora.swift in Sources */,
				CCF933942D1AFAEE004ADE02 /* HatimGroupModel.swift in Sources */,
				CCF933952D1AFAEE004ADE02 /* HatmGroupProfile.swift in Sources */,
				CCF933962D1AFAEE004ADE02 /* HatmPersonalInfoCollectionViewCell.swift in Sources */,
				CCF933972D1AFAEE004ADE02 /* MenuCollectionViewCell.swift in Sources */,
				CCF933982D1AFAEE004ADE02 /* BookedPoraRequest.swift in Sources */,
				CCF933992D1AFAEE004ADE02 /* GetBookedPoraViewModel.swift in Sources */,
				CCF9339A2D1AFAEE004ADE02 /* FinishedPoraResponse.swift in Sources */,
				CCF9339B2D1AFAEE004ADE02 /* PatchBookedPoralarViewModel.swift in Sources */,
				CCF9339C2D1AFAEE004ADE02 /* GetUserDetailFromID.swift in Sources */,
				CCF9339D2D1AFAEE004ADE02 /* BookPoraViewModel.swift in Sources */,
				CCF9339E2D1AFAEE004ADE02 /* UserProfileViewModel.swift in Sources */,
				CCF9339F2D1AFAEE004ADE02 /* GetBookedPoraModel.swift in Sources */,
				CCF933A02D1AFAEE004ADE02 /* GroupHatimInfoViewController.swift in Sources */,
				CCF933A12D1AFAEE004ADE02 /* AddPersonalHatmViewController.swift in Sources */,
				CCF933A22D1AFAEE004ADE02 /* DeleteHatmGroupViewModel.swift in Sources */,
				CCF933A32D1AFAEE004ADE02 /* HatimGroupInfoCollectionViewCell.swift in Sources */,
				CCF933A42D1AFAEE004ADE02 /* HatimMainViewController.swift in Sources */,
				CCF933A52D1AFAEE004ADE02 /* PoralarViewModel.swift in Sources */,
				CCF933A62D1AFAEE004ADE02 /* HatmGroupUserModel.swift in Sources */,
				CCF933A72D1AFAEE004ADE02 /* GetHatimGroupData.swift in Sources */,
				CCF933A82D1AFAEE004ADE02 /* FinishedPoraRequest.swift in Sources */,
				CCF933A92D1AFAEE004ADE02 /* FinishedPoraPatchRequest.swift in Sources */,
				CCF933AA2D1AFAEE004ADE02 /* GetUserDetailViewModel.swift in Sources */,
				CCF933AB2D1AFAEE004ADE02 /* HatimGroupMembersListViewController.swift in Sources */,
				CCF933AC2D1AFAEE004ADE02 /* PatchBookedPoraViewModel.swift in Sources */,
				CCF933AD2D1AFAEE004ADE02 /* GetFinishedPoraViewModel.swift in Sources */,
				CCF933AE2D1AFAEE004ADE02 /* FinishedPoraViewModel.swift in Sources */,
				CCF933AF2D1AFAEE004ADE02 /* HatimInfoHeaderView.swift in Sources */,
				CCF933B02D1AFAEE004ADE02 /* CreateHatimGroupViewModel.swift in Sources */,
				CCF933B12D1AFAEE004ADE02 /* EditHatmGroupViewController.swift in Sources */,
				CCF933B22D1AFAEE004ADE02 /* EditHatmGroup.swift in Sources */,
				CCF933B32D1AFAEE004ADE02 /* EditHatmGroupViewModel.swift in Sources */,
				CCF933B42D1AFAEE004ADE02 /* HatmGroupJuzCountDetail.swift in Sources */,
				CCF933B52D1AFAEE004ADE02 /* HatmGroupDetailsViewModel.swift in Sources */,
				CCF933B62D1AFAEE004ADE02 /* PoralarModel.swift in Sources */,
				CCF933B72D1AFAEE004ADE02 /* HatimGetGroupViewModel.swift in Sources */,
				CCF933B82D1AFAEE004ADE02 /* PersonalHatmInfoViewController.swift in Sources */,
				CCF933B92D1AFAEE004ADE02 /* PersonalHatimCollectionViewCell.swift in Sources */,
				CCF933BA2D1AFAEE004ADE02 /* GroupHatimCollectionViewCell.swift in Sources */,
				CCF933BB2D1AFAEE004ADE02 /* HatmGroupMemberListCollectionViewCell.swift in Sources */,
				CCF933BC2D1AFAEE004ADE02 /* AddHatimGroupViewController.swift in Sources */,
				CCF933BD2D1AFAEE004ADE02 /* GetUserProfileFromID.swift in Sources */,
				CCFED3A42C937AC000AE5A96 /* ProfileViewModel.swift in Sources */,
				CCF6A5F62BFD446800921654 /* GroupCollectionViewCell.swift in Sources */,
				CCF6A5CB2BFD01CC00921654 /* UILabel.swift in Sources */,
				CCF6A5CA2BFD01CC00921654 /* UIColor.swift in Sources */,
				CC42BE4F2CBADA4100014D06 /* CreateZikrModel.swift in Sources */,
			);
			runOnlyForDeploymentPostprocessing = 0;
		};
/* End PBXSourcesBuildPhase section */

/* Begin PBXVariantGroup section */
		CC3966262BFCD56300C861C9 /* LaunchScreen.storyboard */ = {
			isa = PBXVariantGroup;
			children = (
				CC3966272BFCD56300C861C9 /* Base */,
			);
			name = LaunchScreen.storyboard;
			sourceTree = "<group>";
		};
/* End PBXVariantGroup section */

/* Begin XCBuildConfiguration section */
		CC39662A2BFCD56300C861C9 /* Debug */ = {
			isa = XCBuildConfiguration;
			buildSettings = {
				ALWAYS_SEARCH_USER_PATHS = NO;
				ASSETCATALOG_COMPILER_GENERATE_SWIFT_ASSET_SYMBOL_EXTENSIONS = YES;
				CLANG_ANALYZER_NONNULL = YES;
				CLANG_ANALYZER_NUMBER_OBJECT_CONVERSION = YES_AGGRESSIVE;
				CLANG_CXX_LANGUAGE_STANDARD = "gnu++20";
				CLANG_ENABLE_MODULES = YES;
				CLANG_ENABLE_OBJC_ARC = YES;
				CLANG_ENABLE_OBJC_WEAK = YES;
				CLANG_WARN_BLOCK_CAPTURE_AUTORELEASING = YES;
				CLANG_WARN_BOOL_CONVERSION = YES;
				CLANG_WARN_COMMA = YES;
				CLANG_WARN_CONSTANT_CONVERSION = YES;
				CLANG_WARN_DEPRECATED_OBJC_IMPLEMENTATIONS = YES;
				CLANG_WARN_DIRECT_OBJC_ISA_USAGE = YES_ERROR;
				CLANG_WARN_DOCUMENTATION_COMMENTS = YES;
				CLANG_WARN_EMPTY_BODY = YES;
				CLANG_WARN_ENUM_CONVERSION = YES;
				CLANG_WARN_INFINITE_RECURSION = YES;
				CLANG_WARN_INT_CONVERSION = YES;
				CLANG_WARN_NON_LITERAL_NULL_CONVERSION = YES;
				CLANG_WARN_OBJC_IMPLICIT_RETAIN_SELF = YES;
				CLANG_WARN_OBJC_LITERAL_CONVERSION = YES;
				CLANG_WARN_OBJC_ROOT_CLASS = YES_ERROR;
				CLANG_WARN_QUOTED_INCLUDE_IN_FRAMEWORK_HEADER = YES;
				CLANG_WARN_RANGE_LOOP_ANALYSIS = YES;
				CLANG_WARN_STRICT_PROTOTYPES = YES;
				CLANG_WARN_SUSPICIOUS_MOVE = YES;
				CLANG_WARN_UNGUARDED_AVAILABILITY = YES_AGGRESSIVE;
				CLANG_WARN_UNREACHABLE_CODE = YES;
				CLANG_WARN__DUPLICATE_METHOD_MATCH = YES;
				COPY_PHASE_STRIP = NO;
				DEBUG_INFORMATION_FORMAT = dwarf;
				ENABLE_STRICT_OBJC_MSGSEND = YES;
				ENABLE_TESTABILITY = YES;
				ENABLE_USER_SCRIPT_SANDBOXING = NO;
				GCC_C_LANGUAGE_STANDARD = gnu17;
				GCC_DYNAMIC_NO_PIC = NO;
				GCC_NO_COMMON_BLOCKS = YES;
				GCC_OPTIMIZATION_LEVEL = 0;
				GCC_PREPROCESSOR_DEFINITIONS = (
					"DEBUG=1",
					"$(inherited)",
				);
				GCC_WARN_64_TO_32_BIT_CONVERSION = YES;
				GCC_WARN_ABOUT_RETURN_TYPE = YES_ERROR;
				GCC_WARN_UNDECLARED_SELECTOR = YES;
				GCC_WARN_UNINITIALIZED_AUTOS = YES_AGGRESSIVE;
				GCC_WARN_UNUSED_FUNCTION = YES;
				GCC_WARN_UNUSED_VARIABLE = YES;
				IPHONEOS_DEPLOYMENT_TARGET = 17.5;
				LOCALIZATION_PREFERS_STRING_CATALOGS = YES;
				MTL_ENABLE_DEBUG_INFO = INCLUDE_SOURCE;
				MTL_FAST_MATH = YES;
				ONLY_ACTIVE_ARCH = YES;
				SDKROOT = iphoneos;
				SWIFT_ACTIVE_COMPILATION_CONDITIONS = "DEBUG $(inherited)";
				SWIFT_OPTIMIZATION_LEVEL = "-Onone";
			};
			name = Debug;
		};
		CC39662B2BFCD56300C861C9 /* Release */ = {
			isa = XCBuildConfiguration;
			buildSettings = {
				ALWAYS_SEARCH_USER_PATHS = NO;
				ASSETCATALOG_COMPILER_GENERATE_SWIFT_ASSET_SYMBOL_EXTENSIONS = YES;
				CLANG_ANALYZER_NONNULL = YES;
				CLANG_ANALYZER_NUMBER_OBJECT_CONVERSION = YES_AGGRESSIVE;
				CLANG_CXX_LANGUAGE_STANDARD = "gnu++20";
				CLANG_ENABLE_MODULES = YES;
				CLANG_ENABLE_OBJC_ARC = YES;
				CLANG_ENABLE_OBJC_WEAK = YES;
				CLANG_WARN_BLOCK_CAPTURE_AUTORELEASING = YES;
				CLANG_WARN_BOOL_CONVERSION = YES;
				CLANG_WARN_COMMA = YES;
				CLANG_WARN_CONSTANT_CONVERSION = YES;
				CLANG_WARN_DEPRECATED_OBJC_IMPLEMENTATIONS = YES;
				CLANG_WARN_DIRECT_OBJC_ISA_USAGE = YES_ERROR;
				CLANG_WARN_DOCUMENTATION_COMMENTS = YES;
				CLANG_WARN_EMPTY_BODY = YES;
				CLANG_WARN_ENUM_CONVERSION = YES;
				CLANG_WARN_INFINITE_RECURSION = YES;
				CLANG_WARN_INT_CONVERSION = YES;
				CLANG_WARN_NON_LITERAL_NULL_CONVERSION = YES;
				CLANG_WARN_OBJC_IMPLICIT_RETAIN_SELF = YES;
				CLANG_WARN_OBJC_LITERAL_CONVERSION = YES;
				CLANG_WARN_OBJC_ROOT_CLASS = YES_ERROR;
				CLANG_WARN_QUOTED_INCLUDE_IN_FRAMEWORK_HEADER = YES;
				CLANG_WARN_RANGE_LOOP_ANALYSIS = YES;
				CLANG_WARN_STRICT_PROTOTYPES = YES;
				CLANG_WARN_SUSPICIOUS_MOVE = YES;
				CLANG_WARN_UNGUARDED_AVAILABILITY = YES_AGGRESSIVE;
				CLANG_WARN_UNREACHABLE_CODE = YES;
				CLANG_WARN__DUPLICATE_METHOD_MATCH = YES;
				COPY_PHASE_STRIP = NO;
				DEBUG_INFORMATION_FORMAT = "dwarf-with-dsym";
				ENABLE_NS_ASSERTIONS = NO;
				ENABLE_STRICT_OBJC_MSGSEND = YES;
				ENABLE_USER_SCRIPT_SANDBOXING = NO;
				GCC_C_LANGUAGE_STANDARD = gnu17;
				GCC_NO_COMMON_BLOCKS = YES;
				GCC_WARN_64_TO_32_BIT_CONVERSION = YES;
				GCC_WARN_ABOUT_RETURN_TYPE = YES_ERROR;
				GCC_WARN_UNDECLARED_SELECTOR = YES;
				GCC_WARN_UNINITIALIZED_AUTOS = YES_AGGRESSIVE;
				GCC_WARN_UNUSED_FUNCTION = YES;
				GCC_WARN_UNUSED_VARIABLE = YES;
				IPHONEOS_DEPLOYMENT_TARGET = 17.5;
				LOCALIZATION_PREFERS_STRING_CATALOGS = YES;
				MTL_ENABLE_DEBUG_INFO = NO;
				MTL_FAST_MATH = YES;
				SDKROOT = iphoneos;
				SWIFT_COMPILATION_MODE = wholemodule;
				VALIDATE_PRODUCT = YES;
			};
			name = Release;
		};
		CC39662D2BFCD56300C861C9 /* Debug */ = {
			isa = XCBuildConfiguration;
			baseConfigurationReference = E08F1B70C3D7ADF291199CC5 /* Pods-ZikrTask.debug.xcconfig */;
			buildSettings = {
				ASSETCATALOG_COMPILER_APPICON_NAME = AppIcon;
				ASSETCATALOG_COMPILER_GLOBAL_ACCENT_COLOR_NAME = AccentColor;
				CODE_SIGN_STYLE = Automatic;
				CURRENT_PROJECT_VERSION = 1;
				DEVELOPMENT_TEAM = DVC3LMSS9Q;
				GENERATE_INFOPLIST_FILE = YES;
				INFOPLIST_FILE = ZikrTask/Info.plist;
				INFOPLIST_KEY_UIApplicationSupportsIndirectInputEvents = YES;
				INFOPLIST_KEY_UILaunchStoryboardName = LaunchScreen;
				INFOPLIST_KEY_UIMainStoryboardFile = "";
				INFOPLIST_KEY_UISupportedInterfaceOrientations_iPad = "UIInterfaceOrientationPortrait UIInterfaceOrientationPortraitUpsideDown UIInterfaceOrientationLandscapeLeft UIInterfaceOrientationLandscapeRight";
				INFOPLIST_KEY_UISupportedInterfaceOrientations_iPhone = "UIInterfaceOrientationPortrait UIInterfaceOrientationLandscapeLeft UIInterfaceOrientationLandscapeRight";
				LD_RUNPATH_SEARCH_PATHS = (
					"$(inherited)",
					"@executable_path/Frameworks",
				);
				MARKETING_VERSION = 1.0;
				PRODUCT_BUNDLE_IDENTIFIER = abdulbosiddjalilov.ZikrTask;
				PRODUCT_NAME = "$(TARGET_NAME)";
				SWIFT_EMIT_LOC_STRINGS = YES;
				SWIFT_VERSION = 5.0;
				TARGETED_DEVICE_FAMILY = "1,2";
			};
			name = Debug;
		};
		CC39662E2BFCD56300C861C9 /* Release */ = {
			isa = XCBuildConfiguration;
			baseConfigurationReference = C626B4167D8F69A3B6B6BCD2 /* Pods-ZikrTask.release.xcconfig */;
			buildSettings = {
				ASSETCATALOG_COMPILER_APPICON_NAME = AppIcon;
				ASSETCATALOG_COMPILER_GLOBAL_ACCENT_COLOR_NAME = AccentColor;
				CODE_SIGN_STYLE = Automatic;
				CURRENT_PROJECT_VERSION = 1;
				DEVELOPMENT_TEAM = DVC3LMSS9Q;
				GENERATE_INFOPLIST_FILE = YES;
				INFOPLIST_FILE = ZikrTask/Info.plist;
				INFOPLIST_KEY_UIApplicationSupportsIndirectInputEvents = YES;
				INFOPLIST_KEY_UILaunchStoryboardName = LaunchScreen;
				INFOPLIST_KEY_UIMainStoryboardFile = "";
				INFOPLIST_KEY_UISupportedInterfaceOrientations_iPad = "UIInterfaceOrientationPortrait UIInterfaceOrientationPortraitUpsideDown UIInterfaceOrientationLandscapeLeft UIInterfaceOrientationLandscapeRight";
				INFOPLIST_KEY_UISupportedInterfaceOrientations_iPhone = "UIInterfaceOrientationPortrait UIInterfaceOrientationLandscapeLeft UIInterfaceOrientationLandscapeRight";
				LD_RUNPATH_SEARCH_PATHS = (
					"$(inherited)",
					"@executable_path/Frameworks",
				);
				MARKETING_VERSION = 1.0;
				PRODUCT_BUNDLE_IDENTIFIER = abdulbosiddjalilov.ZikrTask;
				PRODUCT_NAME = "$(TARGET_NAME)";
				SWIFT_EMIT_LOC_STRINGS = YES;
				SWIFT_VERSION = 5.0;
				TARGETED_DEVICE_FAMILY = "1,2";
			};
			name = Release;
		};
/* End XCBuildConfiguration section */

/* Begin XCConfigurationList section */
		CC3966102BFCD56200C861C9 /* Build configuration list for PBXProject "ZikrTask" */ = {
			isa = XCConfigurationList;
			buildConfigurations = (
				CC39662A2BFCD56300C861C9 /* Debug */,
				CC39662B2BFCD56300C861C9 /* Release */,
			);
			defaultConfigurationIsVisible = 0;
			defaultConfigurationName = Release;
		};
		CC39662C2BFCD56300C861C9 /* Build configuration list for PBXNativeTarget "ZikrTask" */ = {
			isa = XCConfigurationList;
			buildConfigurations = (
				CC39662D2BFCD56300C861C9 /* Debug */,
				CC39662E2BFCD56300C861C9 /* Release */,
			);
			defaultConfigurationIsVisible = 0;
			defaultConfigurationName = Release;
		};
/* End XCConfigurationList section */

/* Begin XCVersionGroup section */
		CC3966212BFCD56200C861C9 /* ZikrTask.xcdatamodeld */ = {
			isa = XCVersionGroup;
			children = (
				CC3966222BFCD56200C861C9 /* ZikrTask.xcdatamodel */,
			);
			currentVersion = CC3966222BFCD56200C861C9 /* ZikrTask.xcdatamodel */;
			path = ZikrTask.xcdatamodeld;
			sourceTree = "<group>";
			versionGroupType = wrapper.xcdatamodel;
		};
/* End XCVersionGroup section */
	};
	rootObject = CC39660D2BFCD56200C861C9 /* Project object */;
}
